
Microsoft Visual Studio Solution File, Format Version 12.00
# Visual Studio Version 17
VisualStudioVersion = 17.7.34031.279
MinimumVisualStudioVersion = 10.0.40219.1
Project("{8BC9CEB8-8B4A-11D0-8D11-00A0C91BC942}") = "second_project", "second_project\second_project.vcxproj", "{DC27E476-A249-40EF-8F3F-060566973FF3}"
EndProject
Global
	GlobalSection(SolutionConfigurationPlatforms) = preSolution
		Debug|x64 = Debug|x64
		Debug|x86 = Debug|x86
		Release|x64 = Release|x64
		Release|x86 = Release|x86
	EndGlobalSection
	GlobalSection(ProjectConfigurationPlatforms) = postSolution
		{DC27E476-A249-40EF-8F3F-060566973FF3}.Debug|x64.ActiveCfg = Debug|x64
		{DC27E476-A249-40EF-8F3F-060566973FF3}.Debug|x64.Build.0 = Debug|x64
		{DC27E476-A249-40EF-8F3F-060566973FF3}.Debug|x86.ActiveCfg = Debug|Win32
		{DC27E476-A249-40EF-8F3F-060566973FF3}.Debug|x86.Build.0 = Debug|Win32
		{DC27E476-A249-40EF-8F3F-060566973FF3}.Release|x64.ActiveCfg = Release|x64
		{DC27E476-A249-40EF-8F3F-060566973FF3}.Release|x64.Build.0 = Release|x64
		{DC27E476-A249-40EF-8F3F-060566973FF3}.Release|x86.ActiveCfg = Release|Win32
		{DC27E476-A249-40EF-8F3F-060566973FF3}.Release|x86.Build.0 = Release|Win32
	EndGlobalSection
	GlobalSection(SolutionProperties) = preSolution
		HideSolutionNode = FALSE
	EndGlobalSection
	GlobalSection(ExtensibilityGlobals) = postSolution
		SolutionGuid = {BBBC36E2-DBB4-4D1B-8819-01073926FE06}
	EndGlobalSection
EndGlobal
